{
  "name": "chromagnon",
  "version": "1.1.1",
  "lockfileVersion": 1,
  "requires": true,
  "dependencies": {
    "@types/abstract-leveldown": {
      "version": "7.2.0",
      "resolved": "https://registry.npmjs.org/@types/abstract-leveldown/-/abstract-leveldown-7.2.0.tgz",
      "integrity": "sha512-q5veSX6zjUy/DlDhR4Y4cU0k2Ar+DT2LUraP00T19WLmTO6Se1djepCCaqU6nQrwcJ5Hyo/CWqxTzrrFg8eqbQ==",
      "dev": true
    },
    "@types/better-sqlite3": {
      "version": "7.5.0",
      "resolved": "https://registry.npmjs.org/@types/better-sqlite3/-/better-sqlite3-7.5.0.tgz",
      "integrity": "sha512-G9ZbMjydW2yj1AgiPlUtdgF3a1qNpLJLudc9ynJCeJByS3XFWpmT9LT+VSHrKHFbxb31CvtYwetLTOvG9zdxdg==",
      "dev": true,
      "requires": {
        "@types/node": "*"
      }
    },
    "@types/level-errors": {
      "version": "3.0.0",
      "resolved": "https://registry.npmjs.org/@types/level-errors/-/level-errors-3.0.0.tgz",
      "integrity": "sha512-/lMtoq/Cf/2DVOm6zE6ORyOM+3ZVm/BvzEZVxUhf6bgh8ZHglXlBqxbxSlJeVp8FCbD3IVvk/VbsaNmDjrQvqQ==",
      "dev": true
    },
    "@types/leveldown": {
      "version": "4.0.3",
      "resolved": "https://registry.npmjs.org/@types/leveldown/-/leveldown-4.0.3.tgz",
      "integrity": "sha512-fzIXOuUCSZQKkRadWhURwu6mMYbfqi/nRDA+yBwz8kj7AK/L7L//u6A0MqSv0gsilzo7N/5+FlZOx8G6m03EVQ==",
      "dev": true,
      "requires": {
        "@types/abstract-leveldown": "*",
        "@types/node": "*"
      }
    },
    "@types/levelup": {
      "version": "5.1.1",
      "resolved": "https://registry.npmjs.org/@types/levelup/-/levelup-5.1.1.tgz",
      "integrity": "sha512-VITfjLp6apbz6IHxBb+8px455J+7KKWxY4mgbXlSWtiXJKiiYwnl0c6ViKrBp02SHadPxvTb5BUe44TzQmBpiQ==",
      "dev": true,
      "requires": {
        "@types/abstract-leveldown": "*",
        "@types/level-errors": "*",
        "@types/node": "*"
      }
    },
    "@types/node": {
      "version": "17.0.21",
      "resolved": "https://registry.npmjs.org/@types/node/-/node-17.0.21.tgz",
      "integrity": "sha512-DBZCJbhII3r90XbQxI8Y9IjjiiOGlZ0Hr32omXIZvwwZ7p4DMMXGrKXVyPfuoBOri9XNtL0UK69jYIBIsRX3QQ==",
      "dev": true
    },
    "@types/tldjs": {
      "version": "2.3.1",
      "resolved": "https://registry.npmjs.org/@types/tldjs/-/tldjs-2.3.1.tgz",
      "integrity": "sha512-BQR04zLE0ve2eNrqxXw/Qp/f6LxvNrj/4A8ZgdQi3SzbBqxFhleI7N4DS/mSjDnODrUaEGgoWg4grAZR1kVj8w==",
      "dev": true
    },
    "@types/tough-cookie": {
      "version": "4.0.1",
      "resolved": "https://registry.npmjs.org/@types/tough-cookie/-/tough-cookie-4.0.1.tgz",
      "integrity": "sha512-Y0K95ThC3esLEYD6ZuqNek29lNX2EM1qxV8y2FTLUB0ff5wWrk7az+mLrnNFUnaXcgKye22+sFBRXOgpPILZNg==",
      "dev": true
    },
    "abstract-leveldown": {
      "version": "7.2.0",
      "resolved": "https://registry.npmjs.org/abstract-leveldown/-/abstract-leveldown-7.2.0.tgz",
      "integrity": "sha512-DnhQwcFEaYsvYDnACLZhMmCWd3rkOeEvglpa4q5i/5Jlm3UIsWaxVzuXvDLFCSCWRO3yy2/+V/G7FusFgejnfQ==",
      "requires": {
        "buffer": "^6.0.3",
        "catering": "^2.0.0",
        "is-buffer": "^2.0.5",
        "level-concat-iterator": "^3.0.0",
        "level-supports": "^2.0.1",
        "queue-microtask": "^1.2.3"
      },
      "dependencies": {
        "buffer": {
          "version": "6.0.3",
          "resolved": "https://registry.npmjs.org/buffer/-/buffer-6.0.3.tgz",
          "integrity": "sha512-FTiCpNxtwiZZHEZbcbTIcZjERVICn9yq/pDFkTl95/AxzD1naBctN7YO68riM/gLSDY7sdrMby8hofADYuuqOA==",
          "requires": {
            "base64-js": "^1.3.1",
            "ieee754": "^1.2.1"
          }
        },
        "ieee754": {
          "version": "1.2.1",
          "resolved": "https://registry.npmjs.org/ieee754/-/ieee754-1.2.1.tgz",
          "integrity": "sha512-dcyqhDvX1C46lXZcVqCpK+FtMRQVdIMN6/Df5js2zouUsqG7I6sFxitIC+7KYK29KdXOLHdu9zL4sFnoVQnqaA=="
        }
      }
    },
    "ansi-regex": {
      "version": "2.1.1",
      "resolved": "https://registry.npmjs.org/ansi-regex/-/ansi-regex-2.1.1.tgz",
      "integrity": "sha1-w7M6te42DYbg5ijwRorn7yfWVN8="
    },
    "aproba": {
      "version": "1.2.0",
      "resolved": "https://registry.npmjs.org/aproba/-/aproba-1.2.0.tgz",
      "integrity": "sha512-Y9J6ZjXtoYh8RnXVCMOU/ttDmk1aBjunq9vO0ta5x85WDQiQfUF9sIPBITdbiiIVcBo03Hi3jMxigBtsddlXRw=="
    },
    "are-we-there-yet": {
      "version": "1.1.5",
      "resolved": "https://registry.npmjs.org/are-we-there-yet/-/are-we-there-yet-1.1.5.tgz",
      "integrity": "sha512-5hYdAkZlcG8tOLujVDTgCT+uPX0VnpAH28gWsLfzpXYm7wP6mp5Q/gYyR7YQ0cKVJcXJnl3j2kpBan13PtQf6w==",
      "requires": {
        "delegates": "^1.0.0",
        "readable-stream": "^2.0.6"
      }
    },
    "base64-js": {
      "version": "1.3.1",
      "resolved": "https://registry.npmjs.org/base64-js/-/base64-js-1.3.1.tgz",
      "integrity": "sha512-mLQ4i2QO1ytvGWFWmcngKO//JXAQueZvwEKtjgQFM4jIK0kU+ytMfplL8j+n5mspOfjHwoAg+9yhb7BwAHm36g=="
    },
    "better-sqlite3": {
      "version": "7.5.0",
      "resolved": "https://registry.npmjs.org/better-sqlite3/-/better-sqlite3-7.5.0.tgz",
      "integrity": "sha512-6FdG9DoytYGDhLW7VWW1vxjEz7xHkqK6LnaUQYA8d6GHNgZhu9PFX2xwKEEnSBRoT1J4PjTUPeg217ShxNmuPg==",
      "requires": {
        "bindings": "^1.5.0",
        "prebuild-install": "^7.0.0"
      },
      "dependencies": {
        "decompress-response": {
          "version": "6.0.0",
          "resolved": "https://registry.npmjs.org/decompress-response/-/decompress-response-6.0.0.tgz",
          "integrity": "sha512-aW35yZM6Bb/4oJlZncMH2LCoZtJXTRxES17vE3hoRiowU2kWHaJKFkSBDnDR+cm9J+9QhXmREyIfv0pji9ejCQ==",
          "requires": {
            "mimic-response": "^3.1.0"
          }
        },
        "detect-libc": {
          "version": "2.0.1",
          "resolved": "https://registry.npmjs.org/detect-libc/-/detect-libc-2.0.1.tgz",
          "integrity": "sha512-463v3ZeIrcWtdgIg6vI6XUncguvr2TnGl4SzDXinkt9mSLpBJKXT3mW6xT3VQdDN11+WVs29pgvivTc4Lp8v+w=="
        },
        "mimic-response": {
          "version": "3.1.0",
          "resolved": "https://registry.npmjs.org/mimic-response/-/mimic-response-3.1.0.tgz",
          "integrity": "sha512-z0yWI+4FDrrweS8Zmt4Ej5HdJmky15+L2e6Wgn3+iK5fWzb6T3fhNFq2+MeTRb064c6Wr4N/wv0DzQTjNzHNGQ=="
        },
        "node-abi": {
          "version": "3.8.0",
          "resolved": "https://registry.npmjs.org/node-abi/-/node-abi-3.8.0.tgz",
          "integrity": "sha512-tzua9qWWi7iW4I42vUPKM+SfaF0vQSLAm4yO5J83mSwB7GeoWrDKC/K+8YCnYNwqP5duwazbw2X9l4m8SC2cUw==",
          "requires": {
            "semver": "^7.3.5"
          }
        },
        "prebuild-install": {
          "version": "7.0.1",
          "resolved": "https://registry.npmjs.org/prebuild-install/-/prebuild-install-7.0.1.tgz",
          "integrity": "sha512-QBSab31WqkyxpnMWQxubYAHR5S9B2+r81ucocew34Fkl98FhvKIF50jIJnNOBmAZfyNV7vE5T6gd3hTVWgY6tg==",
          "requires": {
            "detect-libc": "^2.0.0",
            "expand-template": "^2.0.3",
            "github-from-package": "0.0.0",
            "minimist": "^1.2.3",
            "mkdirp-classic": "^0.5.3",
            "napi-build-utils": "^1.0.1",
            "node-abi": "^3.3.0",
            "npmlog": "^4.0.1",
            "pump": "^3.0.0",
            "rc": "^1.2.7",
            "simple-get": "^4.0.0",
            "tar-fs": "^2.0.0",
            "tunnel-agent": "^0.6.0"
          }
        },
        "semver": {
          "version": "7.3.5",
          "resolved": "https://registry.npmjs.org/semver/-/semver-7.3.5.tgz",
          "integrity": "sha512-PoeGJYh8HK4BTO/a9Tf6ZG3veo/A7ZVsYrSA6J8ny9nb3B1VrpkuN+z9OE5wfE5p6H4LchYZsegiQgbJD94ZFQ==",
          "requires": {
            "lru-cache": "^6.0.0"
          }
        },
        "simple-get": {
          "version": "4.0.1",
          "resolved": "https://registry.npmjs.org/simple-get/-/simple-get-4.0.1.tgz",
          "integrity": "sha512-brv7p5WgH0jmQJr1ZDDfKDOSeWWg+OVypG99A/5vYGPqJ6pxiaHLy8nxtFjBA7oMa01ebA9gfh1uMCFqOuXxvA==",
          "requires": {
            "decompress-response": "^6.0.0",
            "once": "^1.3.1",
            "simple-concat": "^1.0.0"
          }
        }
      }
    },
    "bindings": {
      "version": "1.5.0",
      "resolved": "https://registry.npmjs.org/bindings/-/bindings-1.5.0.tgz",
      "integrity": "sha512-p2q/t/mhvuOj/UeLlV6566GD/guowlr0hHxClI0W9m7MWYkL1F0hLo+0Aexs9HSPCtR1SXQ0TD3MMKrXZajbiQ==",
      "requires": {
        "file-uri-to-path": "1.0.0"
      }
    },
    "bl": {
      "version": "4.0.3",
      "resolved": "https://registry.npmjs.org/bl/-/bl-4.0.3.tgz",
      "integrity": "sha512-fs4G6/Hu4/EE+F75J8DuN/0IpQqNjAdC7aEQv7Qt8MHGUH7Ckv2MwTEEeN9QehD0pfIDkMI1bkHYkKy7xHyKIg==",
      "requires": {
        "buffer": "^5.5.0",
        "inherits": "^2.0.4",
        "readable-stream": "^3.4.0"
      },
      "dependencies": {
        "readable-stream": {
          "version": "3.6.0",
          "resolved": "https://registry.npmjs.org/readable-stream/-/readable-stream-3.6.0.tgz",
          "integrity": "sha512-BViHy7LKeTz4oNnkcLJ+lVSL6vpiFeX6/d3oSH8zCW7UxP2onchk+vTGB143xuFjHS3deTgkKoXXymXqymiIdA==",
          "requires": {
            "inherits": "^2.0.3",
            "string_decoder": "^1.1.1",
            "util-deprecate": "^1.0.1"
          }
        }
      }
    },
    "buffer": {
      "version": "5.6.0",
      "resolved": "https://registry.npmjs.org/buffer/-/buffer-5.6.0.tgz",
      "integrity": "sha512-/gDYp/UtU0eA1ys8bOs9J6a+E/KWIY+DZ+Q2WESNUA0jFRsJOc0SNUO6xJ5SGA1xueg3NL65W6s+NY5l9cunuw==",
      "requires": {
        "base64-js": "^1.0.2",
        "ieee754": "^1.1.4"
      }
    },
    "catering": {
      "version": "2.1.1",
      "resolved": "https://registry.npmjs.org/catering/-/catering-2.1.1.tgz",
      "integrity": "sha512-K7Qy8O9p76sL3/3m7/zLKbRkyOlSZAgzEaLhyj2mXS8PsCud2Eo4hAb8aLtZqHh0QGqLcb9dlJSu6lHRVENm1w=="
    },
    "chownr": {
      "version": "1.1.4",
      "resolved": "https://registry.npmjs.org/chownr/-/chownr-1.1.4.tgz",
      "integrity": "sha512-jJ0bqzaylmJtVnNgzTeSOs8DPavpbYgEr/b0YL8/2GO3xJEhInFmhKMUnEJQjZumK7KXGFhUy89PrsJWlakBVg=="
    },
    "code-point-at": {
      "version": "1.1.0",
      "resolved": "https://registry.npmjs.org/code-point-at/-/code-point-at-1.1.0.tgz",
      "integrity": "sha1-DQcLTQQ6W+ozovGkDi7bPZpMz3c="
    },
    "console-control-strings": {
      "version": "1.1.0",
      "resolved": "https://registry.npmjs.org/console-control-strings/-/console-control-strings-1.1.0.tgz",
      "integrity": "sha1-PXz0Rk22RG6mRL9LOVB/mFEAjo4="
    },
    "core-util-is": {
      "version": "1.0.2",
      "resolved": "https://registry.npmjs.org/core-util-is/-/core-util-is-1.0.2.tgz",
      "integrity": "sha1-tf1UIgqivFq1eqtxQMlAdUUDwac="
    },
    "decompress-response": {
      "version": "6.0.0",
      "resolved": "https://registry.npmjs.org/decompress-response/-/decompress-response-6.0.0.tgz",
      "integrity": "sha512-aW35yZM6Bb/4oJlZncMH2LCoZtJXTRxES17vE3hoRiowU2kWHaJKFkSBDnDR+cm9J+9QhXmREyIfv0pji9ejCQ==",
      "requires": {
        "mimic-response": "^3.1.0"
      }
    },
    "deep-extend": {
      "version": "0.6.0",
      "resolved": "https://registry.npmjs.org/deep-extend/-/deep-extend-0.6.0.tgz",
      "integrity": "sha512-LOHxIOaPYdHlJRtCQfDIVZtfw/ufM8+rVj649RIHzcm/vGwQRXFt6OPqIFWsm2XEMrNIEtWR64sY1LEKD2vAOA=="
    },
    "deferred-leveldown": {
      "version": "7.0.0",
      "resolved": "https://registry.npmjs.org/deferred-leveldown/-/deferred-leveldown-7.0.0.tgz",
      "integrity": "sha512-QKN8NtuS3BC6m0B8vAnBls44tX1WXAFATUsJlruyAYbZpysWV3siH6o/i3g9DCHauzodksO60bdj5NazNbjCmg==",
      "requires": {
        "abstract-leveldown": "^7.2.0",
        "inherits": "^2.0.3"
      }
    },
    "delegates": {
      "version": "1.0.0",
      "resolved": "https://registry.npmjs.org/delegates/-/delegates-1.0.0.tgz",
      "integrity": "sha1-hMbhWbgZBP3KWaDvRM2HDTElD5o="
    },
    "detect-libc": {
      "version": "2.0.1",
      "resolved": "https://registry.npmjs.org/detect-libc/-/detect-libc-2.0.1.tgz",
      "integrity": "sha512-463v3ZeIrcWtdgIg6vI6XUncguvr2TnGl4SzDXinkt9mSLpBJKXT3mW6xT3VQdDN11+WVs29pgvivTc4Lp8v+w=="
    },
    "end-of-stream": {
      "version": "1.4.4",
      "resolved": "https://registry.npmjs.org/end-of-stream/-/end-of-stream-1.4.4.tgz",
      "integrity": "sha512-+uw1inIHVPQoaVuHzRyXd21icM+cnt4CzD5rW+NC1wjOUSTOs+Te7FOv7AhN7vS9x/oIyhLP5PR1H+phQAHu5Q==",
      "requires": {
        "once": "^1.4.0"
      }
    },
    "expand-template": {
      "version": "2.0.3",
      "resolved": "https://registry.npmjs.org/expand-template/-/expand-template-2.0.3.tgz",
      "integrity": "sha512-XYfuKMvj4O35f/pOXLObndIRvyQ+/+6AhODh+OKWj9S9498pHHn/IMszH+gt0fBCRWMNfk1ZSp5x3AifmnI2vg=="
    },
    "file-uri-to-path": {
      "version": "1.0.0",
      "resolved": "https://registry.npmjs.org/file-uri-to-path/-/file-uri-to-path-1.0.0.tgz",
      "integrity": "sha512-0Zt+s3L7Vf1biwWZ29aARiVYLx7iMGnEUl9x33fbB/j3jR81u/O2LbqK+Bm1CDSNDKVtJ/YjwY7TUd5SkeLQLw=="
    },
    "fs-constants": {
      "version": "1.0.0",
      "resolved": "https://registry.npmjs.org/fs-constants/-/fs-constants-1.0.0.tgz",
      "integrity": "sha512-y6OAwoSIf7FyjMIv94u+b5rdheZEjzR63GTyZJm5qh4Bi+2YgwLCcI/fPFZkL5PSixOt6ZNKm+w+Hfp/Bciwow=="
    },
    "gauge": {
      "version": "2.7.4",
      "resolved": "https://registry.npmjs.org/gauge/-/gauge-2.7.4.tgz",
      "integrity": "sha1-LANAXHU4w51+s3sxcCLjJfsBi/c=",
      "requires": {
        "aproba": "^1.0.3",
        "console-control-strings": "^1.0.0",
        "has-unicode": "^2.0.0",
        "object-assign": "^4.1.0",
        "signal-exit": "^3.0.0",
        "string-width": "^1.0.1",
        "strip-ansi": "^3.0.1",
        "wide-align": "^1.1.0"
      }
    },
    "github-from-package": {
      "version": "0.0.0",
      "resolved": "https://registry.npmjs.org/github-from-package/-/github-from-package-0.0.0.tgz",
      "integrity": "sha1-l/tdlr/eiXMxPyDoKI75oWf6ZM4="
    },
    "has-unicode": {
      "version": "2.0.1",
      "resolved": "https://registry.npmjs.org/has-unicode/-/has-unicode-2.0.1.tgz",
      "integrity": "sha1-4Ob+aijPUROIVeCG0Wkedx3iqLk="
    },
    "ieee754": {
      "version": "1.1.13",
      "resolved": "https://registry.npmjs.org/ieee754/-/ieee754-1.1.13.tgz",
      "integrity": "sha512-4vf7I2LYV/HaWerSo3XmlMkp5eZ83i+/CDluXi/IGTs/O1sejBNhTtnxzmRZfvOUqj7lZjqHkeTvpgSFDlWZTg=="
    },
    "inherits": {
      "version": "2.0.4",
      "resolved": "https://registry.npmjs.org/inherits/-/inherits-2.0.4.tgz",
      "integrity": "sha512-k/vGaX4/Yla3WzyMCvTQOXYeIHvqOKtnqBduzTHpzpQZzAskKMhZ2K+EnBiSM9zGSoIFeMpXKxa4dYeZIQqewQ=="
    },
    "ini": {
      "version": "1.3.8",
      "resolved": "https://registry.npmjs.org/ini/-/ini-1.3.8.tgz",
      "integrity": "sha512-JV/yugV2uzW5iMRSiZAyDtQd+nxtUnjeLt0acNdw98kKLrvuRVyB80tsREOE7yvGVgalhZ6RNXCmEHkUKBKxew=="
    },
    "is-buffer": {
      "version": "2.0.5",
      "resolved": "https://registry.npmjs.org/is-buffer/-/is-buffer-2.0.5.tgz",
      "integrity": "sha512-i2R6zNFDwgEHJyQUtJEk0XFi1i0dPFn/oqjK3/vPCcDeJvW5NQ83V8QbicfF1SupOaB0h8ntgBC2YiE7dfyctQ=="
    },
    "is-fullwidth-code-point": {
      "version": "1.0.0",
      "resolved": "https://registry.npmjs.org/is-fullwidth-code-point/-/is-fullwidth-code-point-1.0.0.tgz",
      "integrity": "sha1-754xOG8DGn8NZDr4L95QxFfvAMs=",
      "requires": {
        "number-is-nan": "^1.0.0"
      }
    },
    "isarray": {
      "version": "1.0.0",
      "resolved": "https://registry.npmjs.org/isarray/-/isarray-1.0.0.tgz",
      "integrity": "sha1-u5NdSFgsuhaMBoNJV6VKPgcSTxE="
    },
    "keytar": {
      "version": "7.9.0",
      "resolved": "https://registry.npmjs.org/keytar/-/keytar-7.9.0.tgz",
      "integrity": "sha512-VPD8mtVtm5JNtA2AErl6Chp06JBfy7diFQ7TQQhdpWOl6MrCRB+eRbvAZUsbGQS9kiMq0coJsy0W0vHpDCkWsQ==",
      "requires": {
        "node-addon-api": "^4.3.0",
        "prebuild-install": "^7.0.1"
      }
    },
    "level-concat-iterator": {
      "version": "3.1.0",
      "resolved": "https://registry.npmjs.org/level-concat-iterator/-/level-concat-iterator-3.1.0.tgz",
      "integrity": "sha512-BWRCMHBxbIqPxJ8vHOvKUsaO0v1sLYZtjN3K2iZJsRBYtp+ONsY6Jfi6hy9K3+zolgQRryhIn2NRZjZnWJ9NmQ==",
      "requires": {
        "catering": "^2.1.0"
      }
    },
    "level-errors": {
      "version": "3.0.1",
      "resolved": "https://registry.npmjs.org/level-errors/-/level-errors-3.0.1.tgz",
      "integrity": "sha512-tqTL2DxzPDzpwl0iV5+rBCv65HWbHp6eutluHNcVIftKZlQN//b6GEnZDM2CvGZvzGYMwyPtYppYnydBQd2SMQ=="
    },
    "level-iterator-stream": {
      "version": "5.0.0",
      "resolved": "https://registry.npmjs.org/level-iterator-stream/-/level-iterator-stream-5.0.0.tgz",
      "integrity": "sha512-wnb1+o+CVFUDdiSMR/ZymE2prPs3cjVLlXuDeSq9Zb8o032XrabGEXcTCsBxprAtseO3qvFeGzh6406z9sOTRA==",
      "requires": {
        "inherits": "^2.0.4",
        "readable-stream": "^3.4.0"
      },
      "dependencies": {
        "readable-stream": {
          "version": "3.6.0",
          "resolved": "https://registry.npmjs.org/readable-stream/-/readable-stream-3.6.0.tgz",
          "integrity": "sha512-BViHy7LKeTz4oNnkcLJ+lVSL6vpiFeX6/d3oSH8zCW7UxP2onchk+vTGB143xuFjHS3deTgkKoXXymXqymiIdA==",
          "requires": {
            "inherits": "^2.0.3",
            "string_decoder": "^1.1.1",
            "util-deprecate": "^1.0.1"
          }
        }
      }
    },
    "level-supports": {
      "version": "2.1.0",
      "resolved": "https://registry.npmjs.org/level-supports/-/level-supports-2.1.0.tgz",
      "integrity": "sha512-E486g1NCjW5cF78KGPrMDRBYzPuueMZ6VBXHT6gC7A8UYWGiM14fGgp+s/L1oFfDWSPV/+SFkYCmZ0SiESkRKA=="
    },
    "leveldown": {
      "version": "6.1.0",
      "resolved": "https://registry.npmjs.org/leveldown/-/leveldown-6.1.0.tgz",
      "integrity": "sha512-8C7oJDT44JXxh04aSSsfcMI8YiaGRhOFI9/pMEL7nWJLVsWajDPTRxsSHTM2WcTVY5nXM+SuRHzPPi0GbnDX+w==",
      "requires": {
        "abstract-leveldown": "^7.2.0",
        "napi-macros": "~2.0.0",
        "node-gyp-build": "^4.3.0"
      }
    },
    "levelup": {
      "version": "5.1.1",
      "resolved": "https://registry.npmjs.org/levelup/-/levelup-5.1.1.tgz",
      "integrity": "sha512-0mFCcHcEebOwsQuk00WJwjLI6oCjbBuEYdh/RaRqhjnyVlzqf41T1NnDtCedumZ56qyIh8euLFDqV1KfzTAVhg==",
      "requires": {
        "catering": "^2.0.0",
        "deferred-leveldown": "^7.0.0",
        "level-errors": "^3.0.1",
        "level-iterator-stream": "^5.0.0",
        "level-supports": "^2.0.1",
        "queue-microtask": "^1.2.3"
      }
    },
    "lru-cache": {
      "version": "6.0.0",
      "resolved": "https://registry.npmjs.org/lru-cache/-/lru-cache-6.0.0.tgz",
      "integrity": "sha512-Jo6dJ04CmSjuznwJSS3pUeWmd/H0ffTlkXXgwZi+eq1UCmqQwCh+eLsYOYCwY991i2Fah4h1BEMCx4qThGbsiA==",
      "requires": {
        "yallist": "^4.0.0"
      }
    },
    "mimic-response": {
      "version": "3.1.0",
      "resolved": "https://registry.npmjs.org/mimic-response/-/mimic-response-3.1.0.tgz",
      "integrity": "sha512-z0yWI+4FDrrweS8Zmt4Ej5HdJmky15+L2e6Wgn3+iK5fWzb6T3fhNFq2+MeTRb064c6Wr4N/wv0DzQTjNzHNGQ=="
    },
    "minimist": {
      "version": "1.2.5",
      "resolved": "https://registry.npmjs.org/minimist/-/minimist-1.2.5.tgz",
      "integrity": "sha512-FM9nNUYrRBAELZQT3xeZQ7fmMOBg6nWNmJKTcgsJeaLstP/UODVpGsr5OhXhhXg6f+qtJ8uiZ+PUxkDWcgIXLw=="
    },
    "mkdirp-classic": {
      "version": "0.5.3",
      "resolved": "https://registry.npmjs.org/mkdirp-classic/-/mkdirp-classic-0.5.3.tgz",
      "integrity": "sha512-gKLcREMhtuZRwRAfqP3RFW+TK4JqApVBtOIftVgjuABpAtpxhPGaDcfvbhNvD0B8iD1oUr/txX35NjcaY6Ns/A=="
    },
    "napi-build-utils": {
      "version": "1.0.2",
      "resolved": "https://registry.npmjs.org/napi-build-utils/-/napi-build-utils-1.0.2.tgz",
      "integrity": "sha512-ONmRUqK7zj7DWX0D9ADe03wbwOBZxNAfF20PlGfCWQcD3+/MakShIHrMqx9YwPTfxDdF1zLeL+RGZiR9kGMLdg=="
    },
    "napi-macros": {
      "version": "2.0.0",
      "resolved": "https://registry.npmjs.org/napi-macros/-/napi-macros-2.0.0.tgz",
      "integrity": "sha512-A0xLykHtARfueITVDernsAWdtIMbOJgKgcluwENp3AlsKN/PloyO10HtmoqnFAQAcxPkgZN7wdfPfEd0zNGxbg=="
    },
    "node-abi": {
      "version": "3.8.0",
      "resolved": "https://registry.npmjs.org/node-abi/-/node-abi-3.8.0.tgz",
      "integrity": "sha512-tzua9qWWi7iW4I42vUPKM+SfaF0vQSLAm4yO5J83mSwB7GeoWrDKC/K+8YCnYNwqP5duwazbw2X9l4m8SC2cUw==",
      "requires": {
        "semver": "^7.3.5"
      }
    },
    "node-addon-api": {
      "version": "4.3.0",
      "resolved": "https://registry.npmjs.org/node-addon-api/-/node-addon-api-4.3.0.tgz",
      "integrity": "sha512-73sE9+3UaLYYFmDsFZnqCInzPyh3MqIwZO9cw58yIqAZhONrrabrYyYe3TuIqtIiOuTXVhsGau8hcrhhwSsDIQ=="
    },
    "node-gyp-build": {
      "version": "4.3.0",
      "resolved": "https://registry.npmjs.org/node-gyp-build/-/node-gyp-build-4.3.0.tgz",
      "integrity": "sha512-iWjXZvmboq0ja1pUGULQBexmxq8CV4xBhX7VDOTbL7ZR4FOowwY/VOtRxBN/yKxmdGoIp4j5ysNT4u3S2pDQ3Q=="
    },
    "npmlog": {
      "version": "4.1.2",
      "resolved": "https://registry.npmjs.org/npmlog/-/npmlog-4.1.2.tgz",
      "integrity": "sha512-2uUqazuKlTaSI/dC8AzicUck7+IrEaOnN/e0jd3Xtt1KcGpwx30v50mL7oPyr/h9bL3E4aZccVwpwP+5W9Vjkg==",
      "requires": {
        "are-we-there-yet": "~1.1.2",
        "console-control-strings": "~1.1.0",
        "gauge": "~2.7.3",
        "set-blocking": "~2.0.0"
      }
    },
    "number-is-nan": {
      "version": "1.0.1",
      "resolved": "https://registry.npmjs.org/number-is-nan/-/number-is-nan-1.0.1.tgz",
      "integrity": "sha1-CXtgK1NCKlIsGvuHkDGDNpQaAR0="
    },
    "object-assign": {
      "version": "4.1.1",
      "resolved": "https://registry.npmjs.org/object-assign/-/object-assign-4.1.1.tgz",
      "integrity": "sha1-IQmtx5ZYh8/AXLvUQsrIv7s2CGM="
    },
    "once": {
      "version": "1.4.0",
      "resolved": "https://registry.npmjs.org/once/-/once-1.4.0.tgz",
      "integrity": "sha1-WDsap3WWHUsROsF9nFC6753Xa9E=",
      "requires": {
        "wrappy": "1"
      }
    },
    "prebuild-install": {
      "version": "7.0.1",
      "resolved": "https://registry.npmjs.org/prebuild-install/-/prebuild-install-7.0.1.tgz",
      "integrity": "sha512-QBSab31WqkyxpnMWQxubYAHR5S9B2+r81ucocew34Fkl98FhvKIF50jIJnNOBmAZfyNV7vE5T6gd3hTVWgY6tg==",
      "requires": {
        "detect-libc": "^2.0.0",
        "expand-template": "^2.0.3",
        "github-from-package": "0.0.0",
        "minimist": "^1.2.3",
        "mkdirp-classic": "^0.5.3",
        "napi-build-utils": "^1.0.1",
        "node-abi": "^3.3.0",
        "npmlog": "^4.0.1",
        "pump": "^3.0.0",
        "rc": "^1.2.7",
        "simple-get": "^4.0.0",
        "tar-fs": "^2.0.0",
        "tunnel-agent": "^0.6.0"
      }
    },
    "process-nextick-args": {
      "version": "2.0.1",
      "resolved": "https://registry.npmjs.org/process-nextick-args/-/process-nextick-args-2.0.1.tgz",
      "integrity": "sha512-3ouUOpQhtgrbOa17J7+uxOTpITYWaGP7/AhoR3+A+/1e9skrzelGi/dXzEYyvbxubEF6Wn2ypscTKiKJFFn1ag=="
    },
    "psl": {
      "version": "1.8.0",
      "resolved": "https://registry.npmjs.org/psl/-/psl-1.8.0.tgz",
      "integrity": "sha512-RIdOzyoavK+hA18OGGWDqUTsCLhtA7IcZ/6NCs4fFJaHBDab+pDDmDIByWFRQJq2Cd7r1OoQxBGKOaztq+hjIQ=="
    },
    "pump": {
      "version": "3.0.0",
      "resolved": "https://registry.npmjs.org/pump/-/pump-3.0.0.tgz",
      "integrity": "sha512-LwZy+p3SFs1Pytd/jYct4wpv49HiYCqd9Rlc5ZVdk0V+8Yzv6jR5Blk3TRmPL1ft69TxP0IMZGJ+WPFU2BFhww==",
      "requires": {
        "end-of-stream": "^1.1.0",
        "once": "^1.3.1"
      }
    },
    "punycode": {
      "version": "1.4.1",
      "resolved": "https://registry.npmjs.org/punycode/-/punycode-1.4.1.tgz",
      "integrity": "sha1-wNWmOycYgArY4esPpSachN1BhF4="
    },
    "queue-microtask": {
      "version": "1.2.3",
      "resolved": "https://registry.npmjs.org/queue-microtask/-/queue-microtask-1.2.3.tgz",
      "integrity": "sha512-NuaNSa6flKT5JaSYQzJok04JzTL1CA6aGhv5rfLW3PgqA+M2ChpZQnAC8h8i4ZFkBS8X5RqkDBHA7r4hej3K9A=="
    },
    "rc": {
      "version": "1.2.8",
      "resolved": "https://registry.npmjs.org/rc/-/rc-1.2.8.tgz",
      "integrity": "sha512-y3bGgqKj3QBdxLbLkomlohkvsA8gdAiUQlSBJnBhfn+BPxg4bc62d8TcBW15wavDfgexCgccckhcZvywyQYPOw==",
      "requires": {
        "deep-extend": "^0.6.0",
        "ini": "~1.3.0",
        "minimist": "^1.2.0",
        "strip-json-comments": "~2.0.1"
      }
    },
    "readable-stream": {
      "version": "2.3.7",
      "resolved": "https://registry.npmjs.org/readable-stream/-/readable-stream-2.3.7.tgz",
      "integrity": "sha512-Ebho8K4jIbHAxnuxi7o42OrZgF/ZTNcsZj6nRKyUmkhLFq8CHItp/fy6hQZuZmP/n3yZ9VBUbp4zz/mX8hmYPw==",
      "requires": {
        "core-util-is": "~1.0.0",
        "inherits": "~2.0.3",
        "isarray": "~1.0.0",
        "process-nextick-args": "~2.0.0",
        "safe-buffer": "~5.1.1",
        "string_decoder": "~1.1.1",
        "util-deprecate": "~1.0.1"
      }
    },
    "safe-buffer": {
      "version": "5.1.2",
      "resolved": "https://registry.npmjs.org/safe-buffer/-/safe-buffer-5.1.2.tgz",
      "integrity": "sha512-Gd2UZBJDkXlY7GbJxfsE8/nvKkUEU1G38c1siN6QP6a9PT9MmHB8GnpscSmMJSoF8LOIrt8ud/wPtojys4G6+g=="
    },
    "semver": {
      "version": "7.3.5",
      "resolved": "https://registry.npmjs.org/semver/-/semver-7.3.5.tgz",
      "integrity": "sha512-PoeGJYh8HK4BTO/a9Tf6ZG3veo/A7ZVsYrSA6J8ny9nb3B1VrpkuN+z9OE5wfE5p6H4LchYZsegiQgbJD94ZFQ==",
      "requires": {
        "lru-cache": "^6.0.0"
      }
    },
    "set-blocking": {
      "version": "2.0.0",
      "resolved": "https://registry.npmjs.org/set-blocking/-/set-blocking-2.0.0.tgz",
      "integrity": "sha1-BF+XgtARrppoA93TgrJDkrPYkPc="
    },
    "signal-exit": {
      "version": "3.0.3",
      "resolved": "https://registry.npmjs.org/signal-exit/-/signal-exit-3.0.3.tgz",
      "integrity": "sha512-VUJ49FC8U1OxwZLxIbTTrDvLnf/6TDgxZcK8wxR8zs13xpx7xbG60ndBlhNrFi2EMuFRoeDoJO7wthSLq42EjA=="
    },
    "simple-concat": {
      "version": "1.0.0",
      "resolved": "https://registry.npmjs.org/simple-concat/-/simple-concat-1.0.0.tgz",
      "integrity": "sha1-c0TLuLbib7J9ZrL8hvn21Zl1IcY="
    },
    "simple-get": {
      "version": "4.0.1",
      "resolved": "https://registry.npmjs.org/simple-get/-/simple-get-4.0.1.tgz",
      "integrity": "sha512-brv7p5WgH0jmQJr1ZDDfKDOSeWWg+OVypG99A/5vYGPqJ6pxiaHLy8nxtFjBA7oMa01ebA9gfh1uMCFqOuXxvA==",
      "requires": {
        "decompress-response": "^6.0.0",
        "once": "^1.3.1",
        "simple-concat": "^1.0.0"
      }
    },
    "string-width": {
      "version": "1.0.2",
      "resolved": "https://registry.npmjs.org/string-width/-/string-width-1.0.2.tgz",
      "integrity": "sha1-EYvfW4zcUaKn5w0hHgfisLmxB9M=",
      "requires": {
        "code-point-at": "^1.0.0",
        "is-fullwidth-code-point": "^1.0.0",
        "strip-ansi": "^3.0.0"
      }
    },
    "string_decoder": {
      "version": "1.1.1",
      "resolved": "https://registry.npmjs.org/string_decoder/-/string_decoder-1.1.1.tgz",
      "integrity": "sha512-n/ShnvDi6FHbbVfviro+WojiFzv+s8MPMHBczVePfUpDJLwoLT0ht1l4YwBCbi8pJAveEEdnkHyPyTP/mzRfwg==",
      "requires": {
        "safe-buffer": "~5.1.0"
      }
    },
    "strip-ansi": {
      "version": "3.0.1",
      "resolved": "https://registry.npmjs.org/strip-ansi/-/strip-ansi-3.0.1.tgz",
      "integrity": "sha1-ajhfuIU9lS1f8F0Oiq+UJ43GPc8=",
      "requires": {
        "ansi-regex": "^2.0.0"
      }
    },
    "strip-json-comments": {
      "version": "2.0.1",
      "resolved": "https://registry.npmjs.org/strip-json-comments/-/strip-json-comments-2.0.1.tgz",
      "integrity": "sha1-PFMZQukIwml8DsNEhYwobHygpgo="
    },
    "tar-fs": {
      "version": "2.1.0",
      "resolved": "https://registry.npmjs.org/tar-fs/-/tar-fs-2.1.0.tgz",
      "integrity": "sha512-9uW5iDvrIMCVpvasdFHW0wJPez0K4JnMZtsuIeDI7HyMGJNxmDZDOCQROr7lXyS+iL/QMpj07qcjGYTSdRFXUg==",
      "requires": {
        "chownr": "^1.1.1",
        "mkdirp-classic": "^0.5.2",
        "pump": "^3.0.0",
        "tar-stream": "^2.0.0"
      }
    },
    "tar-stream": {
      "version": "2.1.2",
      "resolved": "https://registry.npmjs.org/tar-stream/-/tar-stream-2.1.2.tgz",
      "integrity": "sha512-UaF6FoJ32WqALZGOIAApXx+OdxhekNMChu6axLJR85zMMjXKWFGjbIRe+J6P4UnRGg9rAwWvbTT0oI7hD/Un7Q==",
      "requires": {
        "bl": "^4.0.1",
        "end-of-stream": "^1.4.1",
        "fs-constants": "^1.0.0",
        "inherits": "^2.0.3",
        "readable-stream": "^3.1.1"
      },
      "dependencies": {
        "readable-stream": {
          "version": "3.6.0",
          "resolved": "https://registry.npmjs.org/readable-stream/-/readable-stream-3.6.0.tgz",
          "integrity": "sha512-BViHy7LKeTz4oNnkcLJ+lVSL6vpiFeX6/d3oSH8zCW7UxP2onchk+vTGB143xuFjHS3deTgkKoXXymXqymiIdA==",
          "requires": {
            "inherits": "^2.0.3",
            "string_decoder": "^1.1.1",
            "util-deprecate": "^1.0.1"
          }
        }
      }
    },
    "tldjs": {
      "version": "2.3.1",
      "resolved": "https://registry.npmjs.org/tldjs/-/tldjs-2.3.1.tgz",
      "integrity": "sha512-W/YVH/QczLUxVjnQhFC61Iq232NWu3TqDdO0S/MtXVz4xybejBov4ud+CIwN9aYqjOecEqIy0PscGkwpG9ZyTw==",
      "requires": {
        "punycode": "^1.4.1"
      }
    },
    "tough-cookie": {
      "version": "4.0.0",
      "resolved": "https://registry.npmjs.org/tough-cookie/-/tough-cookie-4.0.0.tgz",
      "integrity": "sha512-tHdtEpQCMrc1YLrMaqXXcj6AxhYi/xgit6mZu1+EDWUn+qhUf8wMQoFIy9NXuq23zAwtcB0t/MjACGR18pcRbg==",
      "requires": {
        "psl": "^1.1.33",
        "punycode": "^2.1.1",
        "universalify": "^0.1.2"
      },
      "dependencies": {
        "punycode": {
          "version": "2.1.1",
          "resolved": "https://registry.npmjs.org/punycode/-/punycode-2.1.1.tgz",
          "integrity": "sha512-XRsRjdf+j5ml+y/6GKHPZbrF/8p2Yga0JPtdqTIY2Xe5ohJPD9saDJJLPvp9+NSBprVvevdXZybnj2cv8OEd0A=="
        }
      }
    },
    "tunnel-agent": {
      "version": "0.6.0",
      "resolved": "https://registry.npmjs.org/tunnel-agent/-/tunnel-agent-0.6.0.tgz",
      "integrity": "sha1-J6XeoGs2sEoKmWZ3SykIaPD8QP0=",
      "requires": {
        "safe-buffer": "^5.0.1"
      }
    },
    "typescript": {
      "version": "4.6.2",
      "resolved": "https://registry.npmjs.org/typescript/-/typescript-4.6.2.tgz",
      "integrity": "sha512-HM/hFigTBHZhLXshn9sN37H085+hQGeJHJ/X7LpBWLID/fbc2acUMfU+lGD98X81sKP+pFa9f0DZmCwB9GnbAg==",
      "dev": true
    },
    "universalify": {
      "version": "0.1.2",
      "resolved": "https://registry.npmjs.org/universalify/-/universalify-0.1.2.tgz",
      "integrity": "sha512-rBJeI5CXAlmy1pV+617WB9J63U6XcazHHF2f2dbJix4XzpUF0RS3Zbj0FGIOCAva5P/d/GBOYaACQ1w+0azUkg=="
    },
    "util-deprecate": {
      "version": "1.0.2",
      "resolved": "https://registry.npmjs.org/util-deprecate/-/util-deprecate-1.0.2.tgz",
      "integrity": "sha1-RQ1Nyfpw3nMnYvvS1KKJgUGaDM8="
    },
    "wide-align": {
      "version": "1.1.3",
      "resolved": "https://registry.npmjs.org/wide-align/-/wide-align-1.1.3.tgz",
      "integrity": "sha512-QGkOQc8XL6Bt5PwnsExKBPuMKBxnGxWWW3fU55Xt4feHozMUhdUMaBCk290qpm/wG5u/RSKzwdAC4i51YigihA==",
      "requires": {
        "string-width": "^1.0.2 || 2"
      }
    },
    "wrappy": {
      "version": "1.0.2",
      "resolved": "https://registry.npmjs.org/wrappy/-/wrappy-1.0.2.tgz",
      "integrity": "sha1-tSQ9jz7BqjXxNkYFvA0QNuMKtp8="
    },
    "yallist": {
      "version": "4.0.0",
      "resolved": "https://registry.npmjs.org/yallist/-/yallist-4.0.0.tgz",
      "integrity": "sha512-3wdGidZyq5PB084XLES5TpOSRA3wjXAlIWMhum2kRcv/41Sn2emQ0dycQW4uZXLejwKvg6EsvbdlVL+FYEct7A=="
    }
  }
}
